{
  "name": "nix-ionic-example",
  "version": "1.0.0",
  "lockfileVersion": 3,
  "requires": true,
  "packages": {
    "": {
      "name": "nix-ionic-example",
      "version": "1.0.0",
      "dependencies": {
        "@deijose/nix-ionic": "^2.0.1",
        "@deijose/nix-js": "^3.5.0",
        "@ionic/core": "^8.0.0",
        "ionicons": "^8.0.0"
      },
      "devDependencies": {
        "typescript": "~5.9.3",
        "vite": "^8.0.0"
      },
      "optionalDependencies": {
        "@capacitor/app": "^6.0.0",
        "@capacitor/core": "^6.0.0",
        "@capacitor/haptics": "^6.0.0",
        "@capacitor/keyboard": "^6.0.0",
        "@capacitor/splash-screen": "^6.0.0",
        "@capacitor/status-bar": "^6.0.0"
      }
    },
    "node_modules/@capacitor/app": {
      "version": "6.0.3",
      "license": "MIT",
      "optional": true,
      "peerDependencies": {
        "@capacitor/core": "^6.0.0"
      }
    },
    "node_modules/@capacitor/core": {
      "version": "6.2.1",
      "license": "MIT",
      "optional": true,
      "dependencies": {
        "tslib": "^2.1.0"
      }
    },
    "node_modules/@capacitor/haptics": {
      "version": "6.0.3",
      "license": "MIT",
      "optional": true,
      "peerDependencies": {
        "@capacitor/core": "^6.0.0"
      }
    },
    "node_modules/@capacitor/keyboard": {
      "version": "6.0.4",
      "license": "MIT",
      "optional": true,
      "peerDependencies": {
        "@capacitor/core": "^6.0.0"
      }
    },
    "node_modules/@capacitor/splash-screen": {
      "version": "6.0.4",
      "license": "MIT",
      "optional": true,
      "peerDependencies": {
        "@capacitor/core": "^6.0.0"
      }
    },
    "node_modules/@capacitor/status-bar": {
      "version": "6.0.3",
      "license": "MIT",
      "optional": true,
      "peerDependencies": {
        "@capacitor/core": "^6.0.0"
      }
    },
    "node_modules/@deijose/nix-ionic": {
      "version": "2.0.1",
      "resolved": "https://registry.npmjs.org/@deijose/nix-ionic/-/nix-ionic-2.0.1.tgz",
      "integrity": "sha512-DLjPaNTwEvQkATaDLPyKVknxR0Cst5GRSB9RJD57Lq7448Q0sn2eBZG3Wt6KtQVcb98RxdDBbPeqV0r1Z2zELg==",
      "license": "MIT",
      "engines": {
        "node": ">=18.0.0"
      },
      "peerDependencies": {
        "@deijose/nix-js": "^2.5.3 || ^3.0.0",
        "@ionic/core": "^8.0.0",
        "ionicons": "^8.0.0"
      },
      "peerDependenciesMeta": {
        "@capacitor/app": {
          "optional": true
        },
        "@capacitor/core": {
          "optional": true
        },
        "@capacitor/haptics": {
          "optional": true
        },
        "@capacitor/keyboard": {
          "optional": true
        },
        "@capacitor/splash-screen": {
          "optional": true
        },
        "@capacitor/status-bar": {
          "optional": true
        }
      }
    },
    "node_modules/@deijose/nix-js": {
      "version": "3.5.0",
      "license": "MIT",
      "engines": {
        "node": ">=20.19.0"
      }
    },
    "node_modules/@ionic/core": {
      "version": "8.8.19",
      "license": "MIT",
      "dependencies": {
        "@stencil/core": "4.43.5",
        "ionicons": "^8.0.13",
        "tslib": "^2.1.0"
      },
      "engines": {
        "node": ">= 16"
      }
    },
    "node_modules/@oxc-project/types": {
      "version": "0.146.0",
      "dev": true,
      "license": "MIT",
      "funding": {
        "url": "https://github.com/sponsors/Boshen"
      }
    },
    "node_modules/@rolldown/binding-linux-x64-gnu": {
      "version": "1.2.5",
      "cpu": [
        "x64"
      ],
      "dev": true,
      "license": "MIT",
      "optional": true,
      "os": [
        "linux"
      ],
      "engines": {
        "node": "^20.19.0 || >=22.12.0"
      }
    },
    "node_modules/@rolldown/binding-linux-x64-musl": {
      "version": "1.2.5",
      "cpu": [
        "x64"
      ],
      "dev": true,
      "license": "MIT",
      "optional": true,
      "os": [
        "linux"
      ],
      "engines": {
        "node": "^20.19.0 || >=22.12.0"
      }
    },
    "node_modules/@rolldown/pluginutils": {
      "version": "1.0.1",
      "dev": true,
      "license": "MIT"
    },
    "node_modules/@rollup/rollup-linux-x64-gnu": {
      "version": "4.44.0",
      "cpu": [
        "x64"
      ],
      "license": "MIT",
      "optional": true,
      "os": [
        "linux"
      ]
    },
    "node_modules/@rollup/rollup-linux-x64-musl": {
      "version": "4.44.0",
      "cpu": [
        "x64"
      ],
      "license": "MIT",
      "optional": true,
      "os": [
        "linux"
      ]
    },
    "node_modules/@stencil/core": {
      "version": "4.43.5",
      "license": "MIT",
      "bin": {
        "stencil": "bin/stencil"
      },
      "engines": {
        "node": ">=16.0.0",
        "npm": ">=7.10.0"
      },
      "optionalDependencies": {
        "@rollup/rollup-darwin-arm64": "4.44.0",
        "@rollup/rollup-darwin-x64": "4.44.0",
        "@rollup/rollup-linux-arm64-gnu": "4.44.0",
        "@rollup/rollup-linux-arm64-musl": "4.44.0",
        "@rollup/rollup-linux-x64-gnu": "4.44.0",
        "@rollup/rollup-linux-x64-musl": "4.44.0",
        "@rollup/rollup-win32-arm64-msvc": "4.44.0",
        "@rollup/rollup-win32-x64-msvc": "4.44.0"
      }
    },
    "node_modules/detect-libc": {
      "version": "2.1.2",
      "dev": true,
      "license": "Apache-2.0",
      "engines": {
        "node": ">=8"
      }
    },
    "node_modules/fdir": {
      "version": "6.5.0",
      "dev": true,
      "license": "MIT",
      "engines": {
        "node": ">=12.0.0"
      },
      "peerDependencies": {
        "picomatch": "^3 || ^4"
      },
      "peerDependenciesMeta": {
        "picomatch": {
          "optional": true
        }
      }
    },
    "node_modules/ionicons": {
      "version": "8.1.0",
      "license": "MIT",
      "dependencies": {
        "@stencil/core": "^4.43.5"
      }
    },
    "node_modules/lightningcss": {
      "version": "1.33.0",
      "dev": true,
      "license": "MPL-2.0",
      "dependencies": {
        "detect-libc": "^2.0.3"
      },
      "engines": {
        "node": ">= 12.0.0"
      },
      "funding": {
        "type": "opencollective",
        "url": "https://opencollective.com/parcel"
      },
      "optionalDependencies": {
        "lightningcss-android-arm64": "1.33.0",
        "lightningcss-darwin-arm64": "1.33.0",
        "lightningcss-darwin-x64": "1.33.0",
        "lightningcss-freebsd-x64": "1.33.0",
        "lightningcss-linux-arm-gnueabihf": "1.33.0",
        "lightningcss-linux-arm64-gnu": "1.33.0",
        "lightningcss-linux-arm64-musl": "1.33.0",
        "lightningcss-linux-x64-gnu": "1.33.0",
        "lightningcss-linux-x64-musl": "1.33.0",
        "lightningcss-win32-arm64-msvc": "1.33.0",
        "lightningcss-win32-x64-msvc": "1.33.0"
      }
    },
    "node_modules/lightningcss-linux-x64-gnu": {
      "version": "1.33.0",
      "cpu": [
        "x64"
      ],
      "dev": true,
      "license": "MPL-2.0",
      "optional": true,
      "os": [
        "linux"
      ],
      "engines": {
        "node": ">= 12.0.0"
      },
      "funding": {
        "type": "opencollective",
        "url": "https://opencollective.com/parcel"
      }
    },
    "node_modules/lightningcss-linux-x64-musl": {
      "version": "1.33.0",
      "cpu": [
        "x64"
      ],
      "dev": true,
      "license": "MPL-2.0",
      "optional": true,
      "os": [
        "linux"
      ],
      "engines": {
        "node": ">= 12.0.0"
      },
      "funding": {
        "type": "opencollective",
        "url": "https://opencollective.com/parcel"
      }
    },
    "node_modules/nanoid": {
      "version": "3.3.18",
      "dev": true,
      "funding": [
        {
          "type": "github",
          "url": "https://github.com/sponsors/ai"
        }
      ],
      "license": "MIT",
      "bin": {
        "nanoid": "bin/nanoid.cjs"
      },
      "engines": {
        "node": "^10 || ^12 || ^13.7 || ^14 || >=15.0.1"
      }
    },
    "node_modules/picocolors": {
      "version": "1.1.1",
      "dev": true,
      "license": "ISC"
    },
    "node_modules/picomatch": {
      "version": "4.0.7",
      "dev": true,
      "license": "MIT",
      "engines": {
        "node": ">=12"
      },
      "funding": {
        "url": "https://github.com/sponsors/jonschlinkert"
      }
    },
    "node_modules/postcss": {
      "version": "8.5.26",
      "dev": true,
      "funding": [
        {
          "type": "opencollective",
          "url": "https://opencollective.com/postcss/"
        },
        {
          "type": "tidelift",
          "url": "https://tidelift.com/funding/github/npm/postcss"
        },
        {
          "type": "github",
          "url": "https://github.com/sponsors/ai"
        }
      ],
      "license": "MIT",
      "dependencies": {
        "nanoid": "^3.3.17",
        "picocolors": "^1.1.1",
        "source-map-js": "^1.2.1"
      },
      "engines": {
        "node": "^10 || ^12 || >=14"
      }
    },
    "node_modules/rolldown": {
      "version": "1.2.5",
      "dev": true,
      "license": "MIT",
      "dependencies": {
        "@oxc-project/types": "=0.146.0",
        "@rolldown/pluginutils": "^1.0.0"
      },
      "bin": {
        "rolldown": "bin/cli.mjs"
      },
      "engines": {
        "node": "^20.19.0 || >=22.12.0"
      },
      "optionalDependencies": {
        "@rolldown/binding-android-arm-eabi": "1.2.5",
        "@rolldown/binding-android-arm64": "1.2.5",
        "@rolldown/binding-darwin-arm64": "1.2.5",
        "@rolldown/binding-darwin-x64": "1.2.5",
        "@rolldown/binding-freebsd-x64": "1.2.5",
        "@rolldown/binding-linux-arm-gnueabihf": "1.2.5",
        "@rolldown/binding-linux-arm64-gnu": "1.2.5",
        "@rolldown/binding-linux-arm64-musl": "1.2.5",
        "@rolldown/binding-linux-ppc64-gnu": "1.2.5",
        "@rolldown/binding-linux-s390x-gnu": "1.2.5",
        "@rolldown/binding-linux-x64-gnu": "1.2.5",
        "@rolldown/binding-linux-x64-musl": "1.2.5",
        "@rolldown/binding-openharmony-arm64": "1.2.5",
        "@rolldown/binding-win32-arm64-msvc": "1.2.5",
        "@rolldown/binding-win32-x64-msvc": "1.2.5"
      }
    },
    "node_modules/source-map-js": {
      "version": "1.2.1",
      "dev": true,
      "license": "BSD-3-Clause",
      "engines": {
        "node": ">=0.10.0"
      }
    },
    "node_modules/tinyglobby": {
      "version": "0.2.17",
      "dev": true,
      "license": "MIT",
      "dependencies": {
        "fdir": "^6.5.0",
        "picomatch": "^4.0.4"
      },
      "engines": {
        "node": ">=12.0.0"
      },
      "funding": {
        "url": "https://github.com/sponsors/SuperchupuDev"
      }
    },
    "node_modules/tslib": {
      "version": "2.8.1",
      "license": "0BSD"
    },
    "node_modules/typescript": {
      "version": "5.9.3",
      "dev": true,
      "license": "Apache-2.0",
      "bin": {
        "tsc": "bin/tsc",
        "tsserver": "bin/tsserver"
      },
      "engines": {
        "node": ">=14.17"
      }
    },
    "node_modules/vite": {
      "version": "8.2.2",
      "dev": true,
      "license": "MIT",
      "dependencies": {
        "lightningcss": "^1.33.0",
        "picomatch": "^4.0.5",
        "postcss": "^8.5.26",
        "rolldown": "~1.2.4",
        "tinyglobby": "^0.2.17"
      },
      "bin": {
        "vite": "bin/vite.js"
      },
      "engines": {
        "node": "^20.19.0 || >=22.12.0"
      },
      "funding": {
        "url": "https://github.com/vitejs/vite?sponsor=1"
      },
      "optionalDependencies": {
        "fsevents": "~2.3.3"
      },
      "peerDependencies": {
        "@types/node": "^20.19.0 || >=22.12.0",
        "@vitejs/devtools": "^0.4.0 || ^0.5.0",
        "esbuild": "^0.27.0 || ^0.28.0",
        "jiti": ">=1.21.0",
        "less": "^4.0.0",
        "sass": "^1.70.0",
        "sass-embedded": "^1.70.0",
        "stylus": ">=0.54.8",
        "sugarss": "^5.0.0",
        "terser": "^5.16.0",
        "tsx": "^4.8.1",
        "yaml": "^2.4.2"
      },
      "peerDependenciesMeta": {
        "@types/node": {
          "optional": true
        },
        "@vitejs/devtools": {
          "optional": true
        },
        "esbuild": {
          "optional": true
        },
        "jiti": {
          "optional": true
        },
        "less": {
          "optional": true
        },
        "sass": {
          "optional": true
        },
        "sass-embedded": {
          "optional": true
        },
        "stylus": {
          "optional": true
        },
        "sugarss": {
          "optional": true
        },
        "terser": {
          "optional": true
        },
        "tsx": {
          "optional": true
        },
        "yaml": {
          "optional": true
        }
      }
    }
  }
}
